// !$*UTF8*$!
{
	archiveVersion = 1;
	classes = {
	};
	objectVersion = 55;
	objects = {

/* Begin PBXBuildFile section */
		CA65E6ED285E94440060440A /* Assets.xcassets in Resources */ = {isa = PBXBuildFile; fileRef = CA65E6EC285E94440060440A /* Assets.xcassets */; };
		CA65E6F0285E94440060440A /* LaunchScreen.storyboard in Resources */ = {isa = PBXBuildFile; fileRef = CA65E6EE285E94440060440A /* LaunchScreen.storyboard */; };
		CA65E6F3285E94440060440A /* main.mm in Sources */ = {isa = PBXBuildFile; fileRef = CA65E6F2285E94440060440A /* main.mm */; };
		CA65E703285E94AE0060440A /* UIKit.framework in Frameworks */ = {isa = PBXBuildFile; fileRef = CA65E702285E94AE0060440A /* UIKit.framework */; };
		CA65E704285E94B00060440A /* Mace.framework/Mace in Frameworks */ = {isa = PBXBuildFile; fileRef = CA65E700285E94970060440A /* Mace.framework/Mace */; };
/* End PBXBuildFile section */

/* Begin PBXContainerItemProxy section */
		CA65E6FF285E94970060440A /* PBXContainerItemProxy */ = {
			isa = PBXContainerItemProxy;
			containerPortal = CA65E6F9285E94970060440A /* Mace.xcodeproj */;
			proxyType = 2;
			remoteGlobalIDString = 843F9714B4DD4E33B1CD0E7B;
			remoteInfo = Mace;
		};
		CA65E705285E94B20060440A /* PBXContainerItemProxy */ = {
			isa = PBXContainerItemProxy;
			containerPortal = CA65E6F9285E94970060440A /* Mace.xcodeproj */;
			proxyType = 1;
			remoteGlobalIDString = 3DA4C81448E84618A0FF0D0A;
			remoteInfo = Mace;
		};
/* End PBXContainerItemProxy section */

/* Begin PBXFileReference section */
		CA65E6DD285E94430060440A /* MaceIosAgain.app */ = {isa = PBXFileReference; explicitFileType = wrapper.application; includeInIndex = 0; path = MaceIosAgain.app; sourceTree = BUILT_PRODUCTS_DIR; };
		CA65E6EC285E94440060440A /* Assets.xcassets */ = {isa = PBXFileReference; lastKnownFileType = folder.assetcatalog; path = Assets.xcassets; sourceTree = "<group>"; };
		CA65E6EF285E94440060440A /* Base */ = {isa = PBXFileReference; lastKnownFileType = file.storyboard; name = Base; path = Base.lproj/LaunchScreen.storyboard; sourceTree = "<group>"; };
		CA65E6F1285E94440060440A /* Info.plist */ = {isa = PBXFileReference; lastKnownFileType = text.plist.xml; path = Info.plist; sourceTree = "<group>"; };
		CA65E6F2285E94440060440A /* main.mm */ = {isa = PBXFileReference; lastKnownFileType = sourcecode.cpp.objcpp; path = main.mm; sourceTree = "<group>"; };
		CA65E6F9285E94970060440A /* Mace.xcodeproj */ = {isa = PBXFileReference; lastKnownFileType = "wrapper.pb-project"; name = Mace.xcodeproj; path = "../../Mace/cmake-build-ios-debug/Mace.xcodeproj"; sourceTree = "<group>"; };
		CA65E702285E94AE0060440A /* UIKit.framework */ = {isa = PBXFileReference; lastKnownFileType = wrapper.framework; name = UIKit.framework; path = System/Library/Frameworks/UIKit.framework; sourceTree = SDKROOT; };
/* End PBXFileReference section */

/* Begin PBXFrameworksBuildPhase section */
		CA65E6DA285E94430060440A /* Frameworks */ = {
			isa = PBXFrameworksBuildPhase;
			buildActionMask = 2147483647;
			files = (
				CA65E704285E94B00060440A /* Mace.framework/Mace in Frameworks */,
				CA65E703285E94AE0060440A /* UIKit.framework in Frameworks */,
			);
			runOnlyForDeploymentPostprocessing = 0;
		};
/* End PBXFrameworksBuildPhase section */

/* Begin PBXGroup section */
		CA65E6D4285E94430060440A = {
			isa = PBXGroup;
			children = (
				CA65E6F9285E94970060440A /* Mace.xcodeproj */,
				CA65E6DF285E94430060440A /* MaceIosAgain */,
				CA65E6DE285E94430060440A /* Products */,
				CA65E701285E94AD0060440A /* Frameworks */,
			);
			sourceTree = "<group>";
		};
		CA65E6DE285E94430060440A /* Products */ = {
			isa = PBXGroup;
			children = (
				CA65E6DD285E94430060440A /* MaceIosAgain.app */,
			);
			name = Products;
			sourceTree = "<group>";
		};
		CA65E6DF285E94430060440A /* MaceIosAgain */ = {
			isa = PBXGroup;
			children = (
				CA65E6EC285E94440060440A /* Assets.xcassets */,
				CA65E6EE285E94440060440A /* LaunchScreen.storyboard */,
				CA65E6F1285E94440060440A /* Info.plist */,
				CA65E6F2285E94440060440A /* main.mm */,
			);
			path = MaceIosAgain;
			sourceTree = "<group>";
		};
		CA65E6FA285E94970060440A /* Products */ = {
			isa = PBXGroup;
			children = (
				CA65E700285E94970060440A /* Mace.framework/Mace */,
			);
			name = Products;
			sourceTree = "<group>";
		};
		CA65E701285E94AD0060440A /* Frameworks */ = {
			isa = PBXGroup;
			children = (
				CA65E702285E94AE0060440A /* UIKit.framework */,
			);
			name = Frameworks;
			sourceTree = "<group>";
		};
/* End PBXGroup section */

/* Begin PBXNativeTarget section */
		CA65E6DC285E94430060440A /* MaceIosAgain */ = {
			isa = PBXNativeTarget;
			buildConfigurationList = CA65E6F6285E94440060440A /* Build configuration list for PBXNativeTarget "MaceIosAgain" */;
			buildPhases = (
				CA65E6D9285E94430060440A /* Sources */,
				CA65E6DA285E94430060440A /* Frameworks */,
				CA65E6DB285E94430060440A /* Resources */,
			);
			buildRules = (
			);
			dependencies = (
				CA65E706285E94B20060440A /* PBXTargetDependency */,
			);
			name = MaceIosAgain;
			productName = MaceIosAgain;
			productReference = CA65E6DD285E94430060440A /* MaceIosAgain.app */;
			productType = "com.apple.product-type.application";
		};
/* End PBXNativeTarget section */

/* Begin PBXProject section */
		CA65E6D5285E94430060440A /* Project object */ = {
			isa = PBXProject;
			attributes = {
				BuildIndependentTargetsInParallel = 1;
				LastUpgradeCheck = 1330;
				TargetAttributes = {
					CA65E6DC285E94430060440A = {
						CreatedOnToolsVersion = 13.3;
					};
				};
			};
			buildConfigurationList = CA65E6D8285E94430060440A /* Build configuration list for PBXProject "MaceIosAgain" */;
			compatibilityVersion = "Xcode 13.0";
			developmentRegion = en;
			hasScannedForEncodings = 0;
			knownRegions = (
				en,
				Base,
			);
			mainGroup = CA65E6D4285E94430060440A;
			productRefGroup = CA65E6DE285E94430060440A /* Products */;
			projectDirPath = "";
			projectReferences = (
				{
					ProductGroup = CA65E6FA285E94970060440A /* Products */;
					ProjectRef = CA65E6F9285E94970060440A /* Mace.xcodeproj */;
				},
			);
			projectRoot = "";
			targets = (
				CA65E6DC285E94430060440A /* MaceIosAgain */,
			);
		};
/* End PBXProject section */

/* Begin PBXReferenceProxy section */
		CA65E700285E94970060440A /* Mace.framework/Mace */ = {
			isa = PBXReferenceProxy;
			fileType = wrapper.framework;
			name = Mace.framework/Mace;
			path = Mace.framework;
			remoteRef = CA65E6FF285E94970060440A /* PBXContainerItemProxy */;
			sourceTree = BUILT_PRODUCTS_DIR;
		};
/* End PBXReferenceProxy section */

/* Begin PBXResourcesBuildPhase section */
		CA65E6DB285E94430060440A /* Resources */ = {
			isa = PBXResourcesBuildPhase;
			buildActionMask = 2147483647;
			files = (
				CA65E6F0285E94440060440A /* LaunchScreen.storyboard in Resources */,
				CA65E6ED285E94440060440A /* Assets.xcassets in Resources */,
			);
			runOnlyForDeploymentPostprocessing = 0;
		};
/* End PBXResourcesBuildPhase section */

/* Begin PBXSourcesBuildPhase section */
		CA65E6D9285E94430060440A /* Sources */ = {
			isa = PBXSourcesBuildPhase;
			buildActionMask = 2147483647;
			files = (
				CA65E6F3285E94440060440A /* main.mm in Sources */,
			);
			runOnlyForDeploymentPostprocessing = 0;
		};
/* End PBXSourcesBuildPhase section */

/* Begin PBXTargetDependency section */
		CA65E706285E94B20060440A /* PBXTargetDependency */ = {
			isa = PBXTargetDependency;
			name = Mace;
			targetProxy = CA65E705285E94B20060440A /* PBXContainerItemProxy */;
		};
/* End PBXTargetDependency section */

/* Begin PBXVariantGroup section */
		CA65E6EE285E94440060440A /* LaunchScreen.storyboard */ = {
			isa = PBXVariantGroup;
			children = (
				CA65E6EF285E94440060440A /* Base */,
			);
			name = LaunchScreen.storyboard;
			sourceTree = "<group>";
		};
/* End PBXVariantGroup section */

/* Begin XCBuildConfiguration section */
		CA65E6F4285E94440060440A /* Debug */ = {
			isa = XCBuildConfiguration;
			buildSettings = {
				ALWAYS_SEARCH_USER_PATHS = NO;
				CLANG_ANALYZER_NONNULL = YES;
				CLANG_ANALYZER_NUMBER_OBJECT_CONVERSION = YES_AGGRESSIVE;
				CLANG_CXX_LANGUAGE_STANDARD = "gnu++17";
				CLANG_ENABLE_MODULES = YES;
				CLANG_ENABLE_OBJC_ARC = YES;
				CLANG_ENABLE_OBJC_WEAK = YES;
				CLANG_WARN_BLOCK_CAPTURE_AUTORELEASING = YES;
				CLANG_WARN_BOOL_CONVERSION = YES;
				CLANG_WARN_COMMA = YES;
				CLANG_WARN_CONSTANT_CONVERSION = YES;
				CLANG_WARN_DEPRECATED_OBJC_IMPLEMENTATIONS = YES;
				CLANG_WARN_DIRECT_OBJC_ISA_USAGE = YES_ERROR;
				CLANG_WARN_DOCUMENTATION_COMMENTS = YES;
				CLANG_WARN_EMPTY_BODY = YES;
				CLANG_WARN_ENUM_CONVERSION = YES;
				CLANG_WARN_INFINITE_RECURSION = YES;
				CLANG_WARN_INT_CONVERSION = YES;
				CLANG_WARN_NON_LITERAL_NULL_CONVERSION = YES;
				CLANG_WARN_OBJC_IMPLICIT_RETAIN_SELF = YES;
				CLANG_WARN_OBJC_LITERAL_CONVERSION = YES;
				CLANG_WARN_OBJC_ROOT_CLASS = YES_ERROR;
				CLANG_WARN_QUOTED_INCLUDE_IN_FRAMEWORK_HEADER = YES;
				CLANG_WARN_RANGE_LOOP_ANALYSIS = YES;
				CLANG_WARN_STRICT_PROTOTYPES = YES;
				CLANG_WARN_SUSPICIOUS_MOVE = YES;
				CLANG_WARN_UNGUARDED_AVAILABILITY = YES_AGGRESSIVE;
				CLANG_WARN_UNREACHABLE_CODE = YES;
				CLANG_WARN__DUPLICATE_METHOD_MATCH = YES;
				COPY_PHASE_STRIP = NO;
				DEBUG_INFORMATION_FORMAT = dwarf;
				ENABLE_STRICT_OBJC_MSGSEND = YES;
				ENABLE_TESTABILITY = YES;
				GCC_C_LANGUAGE_STANDARD = gnu11;
				GCC_DYNAMIC_NO_PIC = NO;
				GCC_NO_COMMON_BLOCKS = YES;
				GCC_OPTIMIZATION_LEVEL = 0;
				GCC_PREPROCESSOR_DEFINITIONS = (
					"DEBUG=1",
					"$(inherited)",
				);
				GCC_WARN_64_TO_32_BIT_CONVERSION = YES;
				GCC_WARN_ABOUT_RETURN_TYPE = YES_ERROR;
				GCC_WARN_UNDECLARED_SELECTOR = YES;
				GCC_WARN_UNINITIALIZED_AUTOS = YES_AGGRESSIVE;
				GCC_WARN_UNUSED_FUNCTION = YES;
				GCC_WARN_UNUSED_VARIABLE = YES;
				IPHONEOS_DEPLOYMENT_TARGET = 15.4;
				MTL_ENABLE_DEBUG_INFO = INCLUDE_SOURCE;
				MTL_FAST_MATH = YES;
				ONLY_ACTIVE_ARCH = YES;
				SDKROOT = iphoneos;
			};
			name = Debug;
		};
		CA65E6F5285E94440060440A /* Release */ = {
			isa = XCBuildConfiguration;
			buildSettings = {
				ALWAYS_SEARCH_USER_PATHS = NO;
				CLANG_ANALYZER_NONNULL = YES;
				CLANG_ANALYZER_NUMBER_OBJECT_CONVERSION = YES_AGGRESSIVE;
				CLANG_CXX_LANGUAGE_STANDARD = "gnu++17";
				CLANG_ENABLE_MODULES = YES;
				CLANG_ENABLE_OBJC_ARC = YES;
				CLANG_ENABLE_OBJC_WEAK = YES;
				CLANG_WARN_BLOCK_CAPTURE_AUTORELEASING = YES;
				CLANG_WARN_BOOL_CONVERSION = YES;
				CLANG_WARN_COMMA = YES;
				CLANG_WARN_CONSTANT_CONVERSION = YES;
				CLANG_WARN_DEPRECATED_OBJC_IMPLEMENTATIONS = YES;
				CLANG_WARN_DIRECT_OBJC_ISA_USAGE = YES_ERROR;
				CLANG_WARN_DOCUMENTATION_COMMENTS = YES;
				CLANG_WARN_EMPTY_BODY = YES;
				CLANG_WARN_ENUM_CONVERSION = YES;
				CLANG_WARN_INFINITE_RECURSION = YES;
				CLANG_WARN_INT_CONVERSION = YES;
				CLANG_WARN_NON_LITERAL_NULL_CONVERSION = YES;
				CLANG_WARN_OBJC_IMPLICIT_RETAIN_SELF = YES;
				CLANG_WARN_OBJC_LITERAL_CONVERSION = YES;
				CLANG_WARN_OBJC_ROOT_CLASS = YES_ERROR;
				CLANG_WARN_QUOTED_INCLUDE_IN_FRAMEWORK_HEADER = YES;
				CLANG_WARN_RANGE_LOOP_ANALYSIS = YES;
				CLANG_WARN_STRICT_PROTOTYPES = YES;
				CLANG_WARN_SUSPICIOUS_MOVE = YES;
				CLANG_WARN_UNGUARDED_AVAILABILITY = YES_AGGRESSIVE;
				CLANG_WARN_UNREACHABLE_CODE = YES;
				CLANG_WARN__DUPLICATE_METHOD_MATCH = YES;
				COPY_PHASE_STRIP = NO;
				DEBUG_INFORMATION_FORMAT = "dwarf-with-dsym";
				ENABLE_NS_ASSERTIONS = NO;
				ENABLE_STRICT_OBJC_MSGSEND = YES;
				GCC_C_LANGUAGE_STANDARD = gnu11;
				GCC_NO_COMMON_BLOCKS = YES;
				GCC_WARN_64_TO_32_BIT_CONVERSION = YES;
				GCC_WARN_ABOUT_RETURN_TYPE = YES_ERROR;
				GCC_WARN_UNDECLARED_SELECTOR = YES;
				GCC_WARN_UNINITIALIZED_AUTOS = YES_AGGRESSIVE;
				GCC_WARN_UNUSED_FUNCTION = YES;
				GCC_WARN_UNUSED_VARIABLE = YES;
				IPHONEOS_DEPLOYMENT_TARGET = 15.4;
				MTL_ENABLE_DEBUG_INFO = NO;
				MTL_FAST_MATH = YES;
				SDKROOT = iphoneos;
				VALIDATE_PRODUCT = YES;
			};
			name = Release;
		};
		CA65E6F7285E94440060440A /* Debug */ = {
			isa = XCBuildConfiguration;
			buildSettings = {
				ALWAYS_SEARCH_USER_PATHS = YES;
				ASSETCATALOG_COMPILER_APPICON_NAME = AppIcon;
				ASSETCATALOG_COMPILER_GLOBAL_ACCENT_COLOR_NAME = AccentColor;
				CODE_SIGN_STYLE = Automatic;
				CURRENT_PROJECT_VERSION = 1;
				DEVELOPMENT_TEAM = 839W3SDA39;
				GENERATE_INFOPLIST_FILE = YES;
				INFOPLIST_FILE = MaceIosAgain/Info.plist;
				INFOPLIST_KEY_UIApplicationSupportsIndirectInputEvents = YES;
				INFOPLIST_KEY_UILaunchStoryboardName = LaunchScreen;
				INFOPLIST_KEY_UISupportedInterfaceOrientations_iPad = "UIInterfaceOrientationPortrait UIInterfaceOrientationPortraitUpsideDown UIInterfaceOrientationLandscapeLeft UIInterfaceOrientationLandscapeRight";
				INFOPLIST_KEY_UISupportedInterfaceOrientations_iPhone = "UIInterfaceOrientationPortrait UIInterfaceOrientationLandscapeLeft UIInterfaceOrientationLandscapeRight";
				LD_RUNPATH_SEARCH_PATHS = (
					"$(inherited)",
					"@executable_path/Frameworks",
				);
				MARKETING_VERSION = 1.0;
				PRODUCT_BUNDLE_IDENTIFIER = dev.bdon.MaceIosAgain;
				PRODUCT_NAME = "$(TARGET_NAME)";
				SWIFT_EMIT_LOC_STRINGS = YES;
				TARGETED_DEVICE_FAMILY = "1,2";
				USER_HEADER_SEARCH_PATHS = "$(SRCROOT)/**";
			};
			name = Debug;
		};
		CA65E6F8285E94440060440A /* Release */ = {
			isa = XCBuildConfiguration;
			buildSettings = {
				ALWAYS_SEARCH_USER_PATHS = YES;
				ASSETCATALOG_COMPILER_APPICON_NAME = AppIcon;
				ASSETCATALOG_COMPILER_GLOBAL_ACCENT_COLOR_NAME = AccentColor;
				CODE_SIGN_STYLE = Automatic;
				CURRENT_PROJECT_VERSION = 1;
				DEVELOPMENT_TEAM = 839W3SDA39;
				GENERATE_INFOPLIST_FILE = YES;
				INFOPLIST_FILE = MaceIosAgain/Info.plist;
				INFOPLIST_KEY_UIApplicationSupportsIndirectInputEvents = YES;
				INFOPLIST_KEY_UILaunchStoryboardName = LaunchScreen;
				INFOPLIST_KEY_UISupportedInterfaceOrientations_iPad = "UIInterfaceOrientationPortrait UIInterfaceOrientationPortraitUpsideDown UIInterfaceOrientationLandscapeLeft UIInterfaceOrientationLandscapeRight";
				INFOPLIST_KEY_UISupportedInterfaceOrientations_iPhone = "UIInterfaceOrientationPortrait UIInterfaceOrientationLandscapeLeft UIInterfaceOrientationLandscapeRight";
				LD_RUNPATH_SEARCH_PATHS = (
					"$(inherited)",
					"@executable_path/Frameworks",
				);
				MARKETING_VERSION = 1.0;
				PRODUCT_BUNDLE_IDENTIFIER = dev.bdon.MaceIosAgain;
				PRODUCT_NAME = "$(TARGET_NAME)";
				SWIFT_EMIT_LOC_STRINGS = YES;
				TARGETED_DEVICE_FAMILY = "1,2";
				USER_HEADER_SEARCH_PATHS = "$(SRCROOT)/**";
			};
			name = Release;
		};
/* End XCBuildConfiguration section */

/* Begin XCConfigurationList section */
		CA65E6D8285E94430060440A /* Build configuration list for PBXProject "MaceIosAgain" */ = {
			isa = XCConfigurationList;
			buildConfigurations = (
				CA65E6F4285E94440060440A /* Debug */,
				CA65E6F5285E94440060440A /* Release */,
			);
			defaultConfigurationIsVisible = 0;
			defaultConfigurationName = Release;
		};
		CA65E6F6285E94440060440A /* Build configuration list for PBXNativeTarget "MaceIosAgain" */ = {
			isa = XCConfigurationList;
			buildConfigurations = (
				CA65E6F7285E94440060440A /* Debug */,
				CA65E6F8285E94440060440A /* Release */,
			);
			defaultConfigurationIsVisible = 0;
			defaultConfigurationName = Release;
		};
/* End XCConfigurationList section */
	};
	rootObject = CA65E6D5285E94430060440A /* Project object */;
}
